
Microsoft Visual Studio Solution File, Format Version 12.00
# Visual Studio Version 17
VisualStudioVersion = 17.8.34525.116
MinimumVisualStudioVersion = 10.0.40219.1
Project("{9A19103F-16F7-4668-BE54-9A1E7A4F7556}") = "Laboratorio 1", "Laboratorio 1\Laboratorio 1.csproj", "{714B05AB-743F-4F66-B83E-F41C82B7EEAF}"
EndProject
Project("{FAE04EC0-301F-11D3-BF4B-00C04F79EFBC}") = "Laboratorio1 - Ejercicio 2", "Laboratorio1 - Ejercicio 2\Laboratorio1 - Ejercicio 2.csproj", "{CC43FF91-E475-42DB-B8A8-BC9AA18C6852}"
EndProject
Global
	GlobalSection(SolutionConfigurationPlatforms) = preSolution
		Debug|Any CPU = Debug|Any CPU
		Release|Any CPU = Release|Any CPU
	EndGlobalSection
	GlobalSection(ProjectConfigurationPlatforms) = postSolution
		{714B05AB-743F-4F66-B83E-F41C82B7EEAF}.Debug|Any CPU.ActiveCfg = Debug|Any CPU
		{714B05AB-743F-4F66-B83E-F41C82B7EEAF}.Debug|Any CPU.Build.0 = Debug|Any CPU
		{714B05AB-743F-4F66-B83E-F41C82B7EEAF}.Release|Any CPU.ActiveCfg = Release|Any CPU
		{714B05AB-743F-4F66-B83E-F41C82B7EEAF}.Release|Any CPU.Build.0 = Release|Any CPU
		{CC43FF91-E475-42DB-B8A8-BC9AA18C6852}.Debug|Any CPU.ActiveCfg = Debug|Any CPU
		{CC43FF91-E475-42DB-B8A8-BC9AA18C6852}.Debug|Any CPU.Build.0 = Debug|Any CPU
		{CC43FF91-E475-42DB-B8A8-BC9AA18C6852}.Release|Any CPU.ActiveCfg = Release|Any CPU
		{CC43FF91-E475-42DB-B8A8-BC9AA18C6852}.Release|Any CPU.Build.0 = Release|Any CPU
	EndGlobalSection
	GlobalSection(SolutionProperties) = preSolution
		HideSolutionNode = FALSE
	EndGlobalSection
	GlobalSection(ExtensibilityGlobals) = postSolution
		SolutionGuid = {AF216CF8-D1C3-4CCE-9BA2-6059FF54723D}
	EndGlobalSection
EndGlobal
